// !$*UTF8*$!
{
	archiveVersion = 1;
	classes = {
	};
	objectVersion = 46;
	objects = {

/* Begin PBXBuildFile section */
		CD44403A16720362008CF1F0 /* UIKit.framework in Frameworks */ = {isa = PBXBuildFile; fileRef = CD44403916720362008CF1F0 /* UIKit.framework */; };
		CD44403C16720362008CF1F0 /* Foundation.framework in Frameworks */ = {isa = PBXBuildFile; fileRef = CD44403B16720362008CF1F0 /* Foundation.framework */; };
		CD44403E16720362008CF1F0 /* CoreGraphics.framework in Frameworks */ = {isa = PBXBuildFile; fileRef = CD44403D16720362008CF1F0 /* CoreGraphics.framework */; };
		CD44404416720362008CF1F0 /* InfoPlist.strings in Resources */ = {isa = PBXBuildFile; fileRef = CD44404216720362008CF1F0 /* InfoPlist.strings */; };
		CD44404616720362008CF1F0 /* main.m in Sources */ = {isa = PBXBuildFile; fileRef = CD44404516720362008CF1F0 /* main.m */; };
		CD44404A16720362008CF1F0 /* AppDelegate.m in Sources */ = {isa = PBXBuildFile; fileRef = CD44404916720362008CF1F0 /* AppDelegate.m */; };
		CD44404C16720362008CF1F0 /* Default.png in Resources */ = {isa = PBXBuildFile; fileRef = CD44404B16720362008CF1F0 /* Default.png */; };
		CD44404E16720362008CF1F0 /* Default@2x.png in Resources */ = {isa = PBXBuildFile; fileRef = CD44404D16720362008CF1F0 /* Default@2x.png */; };
		CD44405016720362008CF1F0 /* Default-568h@2x.png in Resources */ = {isa = PBXBuildFile; fileRef = CD44404F16720362008CF1F0 /* Default-568h@2x.png */; };
		CD44405316720362008CF1F0 /* MainStoryboard.storyboard in Resources */ = {isa = PBXBuildFile; fileRef = CD44405116720362008CF1F0 /* MainStoryboard.storyboard */; };
		CD44405616720362008CF1F0 /* MasterViewController.m in Sources */ = {isa = PBXBuildFile; fileRef = CD44405516720362008CF1F0 /* MasterViewController.m */; };
		CD44405916720362008CF1F0 /* DetailViewController.m in Sources */ = {isa = PBXBuildFile; fileRef = CD44405816720362008CF1F0 /* DetailViewController.m */; };
/* End PBXBuildFile section */

/* Begin PBXFileReference section */
		CD44403516720362008CF1F0 /* JaiFaim.app */ = {isa = PBXFileReference; explicitFileType = wrapper.application; includeInIndex = 0; path = JaiFaim.app; sourceTree = BUILT_PRODUCTS_DIR; };
		CD44403916720362008CF1F0 /* UIKit.framework */ = {isa = PBXFileReference; lastKnownFileType = wrapper.framework; name = UIKit.framework; path = System/Library/Frameworks/UIKit.framework; sourceTree = SDKROOT; };
		CD44403B16720362008CF1F0 /* Foundation.framework */ = {isa = PBXFileReference; lastKnownFileType = wrapper.framework; name = Foundation.framework; path = System/Library/Frameworks/Foundation.framework; sourceTree = SDKROOT; };
		CD44403D16720362008CF1F0 /* CoreGraphics.framework */ = {isa = PBXFileReference; lastKnownFileType = wrapper.framework; name = CoreGraphics.framework; path = System/Library/Frameworks/CoreGraphics.framework; sourceTree = SDKROOT; };
		CD44404116720362008CF1F0 /* JaiFaim-Info.plist */ = {isa = PBXFileReference; lastKnownFileType = text.plist.xml; path = "JaiFaim-Info.plist"; sourceTree = "<group>"; };
		CD44404516720362008CF1F0 /* main.m */ = {isa = PBXFileReference; lastKnownFileType = sourcecode.c.objc; path = main.m; sourceTree = "<group>"; };
		CD44404716720362008CF1F0 /* JaiFaim-Prefix.pch */ = {isa = PBXFileReference; lastKnownFileType = sourcecode.c.h; path = "JaiFaim-Prefix.pch"; sourceTree = "<group>"; };
		CD44404816720362008CF1F0 /* AppDelegate.h */ = {isa = PBXFileReference; lastKnownFileType = sourcecode.c.h; path = AppDelegate.h; sourceTree = "<group>"; };
		CD44404916720362008CF1F0 /* AppDelegate.m */ = {isa = PBXFileReference; lastKnownFileType = sourcecode.c.objc; path = AppDelegate.m; sourceTree = "<group>"; };
		CD44404B16720362008CF1F0 /* Default.png */ = {isa = PBXFileReference; lastKnownFileType = image.png; path = Default.png; sourceTree = "<group>"; };
		CD44404D16720362008CF1F0 /* Default@2x.png */ = {isa = PBXFileReference; lastKnownFileType = image.png; path = "Default@2x.png"; sourceTree = "<group>"; };
		CD44404F16720362008CF1F0 /* Default-568h@2x.png */ = {isa = PBXFileReference; lastKnownFileType = image.png; path = "Default-568h@2x.png"; sourceTree = "<group>"; };
		CD44405416720362008CF1F0 /* MasterViewController.h */ = {isa = PBXFileReference; lastKnownFileType = sourcecode.c.h; path = MasterViewController.h; sourceTree = "<group>"; };
		CD44405516720362008CF1F0 /* MasterViewController.m */ = {isa = PBXFileReference; lastKnownFileType = sourcecode.c.objc; path = MasterViewController.m; sourceTree = "<group>"; };
		CD44405716720362008CF1F0 /* DetailViewController.h */ = {isa = PBXFileReference; lastKnownFileType = sourcecode.c.h; path = DetailViewController.h; sourceTree = "<group>"; };
		CD44405816720362008CF1F0 /* DetailViewController.m */ = {isa = PBXFileReference; lastKnownFileType = sourcecode.c.objc; path = DetailViewController.m; sourceTree = "<group>"; };
		CD59CF561672337300856AA5 /* fr */ = {isa = PBXFileReference; lastKnownFileType = file.storyboard; name = fr; path = fr.lproj/MainStoryboard.storyboard; sourceTree = "<group>"; };
		CD59CF571672337300856AA5 /* fr */ = {isa = PBXFileReference; lastKnownFileType = text.plist.strings; name = fr; path = fr.lproj/InfoPlist.strings; sourceTree = "<group>"; };
/* End PBXFileReference section */

/* Begin PBXFrameworksBuildPhase section */
		CD44403216720362008CF1F0 /* Frameworks */ = {
			isa = PBXFrameworksBuildPhase;
			buildActionMask = 2147483647;
			files = (
				CD44403A16720362008CF1F0 /* UIKit.framework in Frameworks */,
				CD44403C16720362008CF1F0 /* Foundation.framework in Frameworks */,
				CD44403E16720362008CF1F0 /* CoreGraphics.framework in Frameworks */,
			);
			runOnlyForDeploymentPostprocessing = 0;
		};
/* End PBXFrameworksBuildPhase section */

/* Begin PBXGroup section */
		CD44402A16720362008CF1F0 = {
			isa = PBXGroup;
			children = (
				CD44403F16720362008CF1F0 /* JaiFaim */,
				CD44403816720362008CF1F0 /* Frameworks */,
				CD44403616720362008CF1F0 /* Products */,
			);
			sourceTree = "<group>";
		};
		CD44403616720362008CF1F0 /* Products */ = {
			isa = PBXGroup;
			children = (
				CD44403516720362008CF1F0 /* JaiFaim.app */,
			);
			name = Products;
			sourceTree = "<group>";
		};
		CD44403816720362008CF1F0 /* Frameworks */ = {
			isa = PBXGroup;
			children = (
				CD44403916720362008CF1F0 /* UIKit.framework */,
				CD44403B16720362008CF1F0 /* Foundation.framework */,
				CD44403D16720362008CF1F0 /* CoreGraphics.framework */,
			);
			name = Frameworks;
			sourceTree = "<group>";
		};
		CD44403F16720362008CF1F0 /* JaiFaim */ = {
			isa = PBXGroup;
			children = (
				CD44404816720362008CF1F0 /* AppDelegate.h */,
				CD44404916720362008CF1F0 /* AppDelegate.m */,
				CD44405116720362008CF1F0 /* MainStoryboard.storyboard */,
				CD44405416720362008CF1F0 /* MasterViewController.h */,
				CD44405516720362008CF1F0 /* MasterViewController.m */,
				CD44405716720362008CF1F0 /* DetailViewController.h */,
				CD44405816720362008CF1F0 /* DetailViewController.m */,
				CD44404016720362008CF1F0 /* Supporting Files */,
			);
			path = JaiFaim;
			sourceTree = "<group>";
		};
		CD44404016720362008CF1F0 /* Supporting Files */ = {
			isa = PBXGroup;
			children = (
				CD44404116720362008CF1F0 /* JaiFaim-Info.plist */,
				CD44404216720362008CF1F0 /* InfoPlist.strings */,
				CD44404516720362008CF1F0 /* main.m */,
				CD44404716720362008CF1F0 /* JaiFaim-Prefix.pch */,
				CD44404B16720362008CF1F0 /* Default.png */,
				CD44404D16720362008CF1F0 /* Default@2x.png */,
				CD44404F16720362008CF1F0 /* Default-568h@2x.png */,
			);
			name = "Supporting Files";
			sourceTree = "<group>";
		};
/* End PBXGroup section */

/* Begin PBXNativeTarget section */
		CD44403416720362008CF1F0 /* J'ai Faim ! */ = {
			isa = PBXNativeTarget;
			buildConfigurationList = CD44405C16720362008CF1F0 /* Build configuration list for PBXNativeTarget "J'ai Faim !" */;
			buildPhases = (
				CD44403116720362008CF1F0 /* Sources */,
				CD44403216720362008CF1F0 /* Frameworks */,
				CD44403316720362008CF1F0 /* Resources */,
			);
			buildRules = (
			);
			dependencies = (
			);
			name = "J'ai Faim !";
			productName = JaiFaim;
			productReference = CD44403516720362008CF1F0 /* JaiFaim.app */;
			productType = "com.apple.product-type.application";
		};
/* End PBXNativeTarget section */

/* Begin PBXProject section */
		CD44402C16720362008CF1F0 /* Project object */ = {
			isa = PBXProject;
			attributes = {
				LastUpgradeCheck = 0450;
				ORGANIZATIONNAME = "Mathieu Darse";
			};
			buildConfigurationList = CD44402F16720362008CF1F0 /* Build configuration list for PBXProject "JaiFaim" */;
			compatibilityVersion = "Xcode 3.2";
			developmentRegion = English;
			hasScannedForEncodings = 0;
			knownRegions = (
				en,
				fr,
			);
			mainGroup = CD44402A16720362008CF1F0;
			productRefGroup = CD44403616720362008CF1F0 /* Products */;
			projectDirPath = "";
			projectRoot = "";
			targets = (
				CD44403416720362008CF1F0 /* J'ai Faim ! */,
			);
		};
/* End PBXProject section */

/* Begin PBXResourcesBuildPhase section */
		CD44403316720362008CF1F0 /* Resources */ = {
			isa = PBXResourcesBuildPhase;
			buildActionMask = 2147483647;
			files = (
				CD44404416720362008CF1F0 /* InfoPlist.strings in Resources */,
				CD44404C16720362008CF1F0 /* Default.png in Resources */,
				CD44404E16720362008CF1F0 /* Default@2x.png in Resources */,
				CD44405016720362008CF1F0 /* Default-568h@2x.png in Resources */,
				CD44405316720362008CF1F0 /* MainStoryboard.storyboard in Resources */,
			);
			runOnlyForDeploymentPostprocessing = 0;
		};
/* End PBXResourcesBuildPhase section */

/* Begin PBXSourcesBuildPhase section */
		CD44403116720362008CF1F0 /* Sources */ = {
			isa = PBXSourcesBuildPhase;
			buildActionMask = 2147483647;
			files = (
				CD44404616720362008CF1F0 /* main.m in Sources */,
				CD44404A16720362008CF1F0 /* AppDelegate.m in Sources */,
				CD44405616720362008CF1F0 /* MasterViewController.m in Sources */,
				CD44405916720362008CF1F0 /* DetailViewController.m in Sources */,
			);
			runOnlyForDeploymentPostprocessing = 0;
		};
/* End PBXSourcesBuildPhase section */

/* Begin PBXVariantGroup section */
		CD44404216720362008CF1F0 /* InfoPlist.strings */ = {
			isa = PBXVariantGroup;
			children = (
				CD59CF571672337300856AA5 /* fr */,
			);
			name = InfoPlist.strings;
			sourceTree = "<group>";
		};
		CD44405116720362008CF1F0 /* MainStoryboard.storyboard */ = {
			isa = PBXVariantGroup;
			children = (
				CD59CF561672337300856AA5 /* fr */,
			);
			name = MainStoryboard.storyboard;
			sourceTree = "<group>";
		};
/* End PBXVariantGroup section */

/* Begin XCBuildConfiguration section */
		CD44405A16720362008CF1F0 /* Debug */ = {
			isa = XCBuildConfiguration;
			buildSettings = {
				ALWAYS_SEARCH_USER_PATHS = NO;
				CLANG_CXX_LANGUAGE_STANDARD = "gnu++0x";
				CLANG_CXX_LIBRARY = "libc++";
				CLANG_ENABLE_OBJC_ARC = YES;
				CLANG_WARN_EMPTY_BODY = YES;
				CLANG_WARN__DUPLICATE_METHOD_MATCH = YES;
				"CODE_SIGN_IDENTITY[sdk=iphoneos*]" = "iPhone Developer";
				COPY_PHASE_STRIP = NO;
				GCC_C_LANGUAGE_STANDARD = gnu99;
				GCC_DYNAMIC_NO_PIC = NO;
				GCC_OPTIMIZATION_LEVEL = 0;
				GCC_PREPROCESSOR_DEFINITIONS = (
					"DEBUG=1",
					"$(inherited)",
				);
				GCC_SYMBOLS_PRIVATE_EXTERN = NO;
				GCC_WARN_ABOUT_RETURN_TYPE = YES;
				GCC_WARN_UNINITIALIZED_AUTOS = YES;
				GCC_WARN_UNUSED_VARIABLE = YES;
				IPHONEOS_DEPLOYMENT_TARGET = 5.0;
				ONLY_ACTIVE_ARCH = YES;
				SDKROOT = iphoneos;
			};
			name = Debug;
		};
		CD44405B16720362008CF1F0 /* Release */ = {
			isa = XCBuildConfiguration;
			buildSettings = {
				ALWAYS_SEARCH_USER_PATHS = NO;
				CLANG_CXX_LANGUAGE_STANDARD = "gnu++0x";
				CLANG_CXX_LIBRARY = "libc++";
				CLANG_ENABLE_OBJC_ARC = YES;
				CLANG_WARN_EMPTY_BODY = YES;
				CLANG_WARN__DUPLICATE_METHOD_MATCH = YES;
				"CODE_SIGN_IDENTITY[sdk=iphoneos*]" = "iPhone Developer";
				COPY_PHASE_STRIP = YES;
				GCC_C_LANGUAGE_STANDARD = gnu99;
				GCC_WARN_ABOUT_RETURN_TYPE = YES;
				GCC_WARN_UNINITIALIZED_AUTOS = YES;
				GCC_WARN_UNUSED_VARIABLE = YES;
				IPHONEOS_DEPLOYMENT_TARGET = 5.0;
				OTHER_CFLAGS = "-DNS_BLOCK_ASSERTIONS=1";
				SDKROOT = iphoneos;
				VALIDATE_PRODUCT = YES;
			};
			name = Release;
		};
		CD44405D16720362008CF1F0 /* Debug */ = {
			isa = XCBuildConfiguration;
			buildSettings = {
				GCC_PRECOMPILE_PREFIX_HEADER = YES;
				GCC_PREFIX_HEADER = "JaiFaim/JaiFaim-Prefix.pch";
				INFOPLIST_FILE = "JaiFaim/JaiFaim-Info.plist";
				PRODUCT_NAME = "$(TARGET_NAME)";
				WRAPPER_EXTENSION = app;
			};
			name = Debug;
		};
		CD44405E16720362008CF1F0 /* Release */ = {
			isa = XCBuildConfiguration;
			buildSettings = {
				GCC_PRECOMPILE_PREFIX_HEADER = YES;
				GCC_PREFIX_HEADER = "JaiFaim/JaiFaim-Prefix.pch";
				INFOPLIST_FILE = "JaiFaim/JaiFaim-Info.plist";
				PRODUCT_NAME = "$(TARGET_NAME)";
				WRAPPER_EXTENSION = app;
			};
			name = Release;
		};
/* End XCBuildConfiguration section */

/* Begin XCConfigurationList section */
		CD44402F16720362008CF1F0 /* Build configuration list for PBXProject "JaiFaim" */ = {
			isa = XCConfigurationList;
			buildConfigurations = (
				CD44405A16720362008CF1F0 /* Debug */,
				CD44405B16720362008CF1F0 /* Release */,
			);
			defaultConfigurationIsVisible = 0;
			defaultConfigurationName = Release;
		};
		CD44405C16720362008CF1F0 /* Build configuration list for PBXNativeTarget "J'ai Faim !" */ = {
			isa = XCConfigurationList;
			buildConfigurations = (
				CD44405D16720362008CF1F0 /* Debug */,
				CD44405E16720362008CF1F0 /* Release */,
			);
			defaultConfigurationIsVisible = 0;
			defaultConfigurationName = Release;
		};
/* End XCConfigurationList section */
	};
	rootObject = CD44402C16720362008CF1F0 /* Project object */;
}
